
Microsoft Visual Studio Solution File, Format Version 12.00
# Visual Studio Version 17
VisualStudioVersion = 17.0.31903.59
MinimumVisualStudioVersion = 10.0.40219.1
Project("{2150E333-8FDC-42A3-9474-1A3956D46DE8}") = "src", "src", "{827E0CD3-B72D-47B6-A68D-7590B98EB39B}"
EndProject
Project("{2150E333-8FDC-42A3-9474-1A3956D46DE8}") = "aspire", "aspire", "{52BF7FB6-37FF-5100-EFD1-124EFF302675}"
EndProject
Project("{FAE04EC0-301F-11D3-BF4B-00C04F79EFBC}") = "PaymentGateway.AppHost", "src\aspire\PaymentGateway.AppHost\PaymentGateway.AppHost.csproj", "{FC7F8314-3007-4593-8480-E69357B91FAF}"
EndProject
Project("{FAE04EC0-301F-11D3-BF4B-00C04F79EFBC}") = "PaymentGateway.ServiceDefaults", "src\aspire\PaymentGateway.ServiceDefaults\PaymentGateway.ServiceDefaults.csproj", "{4A843199-3C9A-4754-841A-6F726A3AE194}"
EndProject
Project("{2150E333-8FDC-42A3-9474-1A3956D46DE8}") = "services", "services", "{984BB9B3-3FA3-BE33-9484-CAC21695A33C}"
EndProject
Project("{FAE04EC0-301F-11D3-BF4B-00C04F79EFBC}") = "PaymentGateway.Identity.Api", "src\services\PaymentGateway.Identity.Api\PaymentGateway.Identity.Api.csproj", "{5721F4E2-4AE8-45F8-B4C6-5EE1AA677CEC}"
EndProject
Project("{FAE04EC0-301F-11D3-BF4B-00C04F79EFBC}") = "PaymentGateway.Billing.Api", "src\services\PaymentGateway.Billing.Api\PaymentGateway.Billing.Api.csproj", "{13630DE9-3CB4-4191-A319-4CE91FCB1F35}"
EndProject
Project("{FAE04EC0-301F-11D3-BF4B-00C04F79EFBC}") = "PaymentGateway.Gateway.Api", "src\services\PaymentGateway.Gateway.Api\PaymentGateway.Gateway.Api.csproj", "{57E5FE52-2C00-46B1-9C56-4135D77AC05B}"
EndProject
Project("{FAE04EC0-301F-11D3-BF4B-00C04F79EFBC}") = "PaymentGateway.Backoffice.Api", "src\services\PaymentGateway.Backoffice.Api\PaymentGateway.Backoffice.Api.csproj", "{DAC522CC-73DF-4139-BACF-F9ABBA389D8F}"
EndProject
Project("{2150E333-8FDC-42A3-9474-1A3956D46DE8}") = "shared", "shared", "{C8E42992-5E42-0C2B-DBFE-AA848D06431C}"
EndProject
Project("{FAE04EC0-301F-11D3-BF4B-00C04F79EFBC}") = "PaymentGateway.Domain", "src\shared\PaymentGateway.Domain\PaymentGateway.Domain.csproj", "{7B8213D4-1D7C-4C26-A2F7-5C8F2D4833C1}"
EndProject
Project("{FAE04EC0-301F-11D3-BF4B-00C04F79EFBC}") = "PaymentGateway.Contracts", "src\shared\PaymentGateway.Contracts\PaymentGateway.Contracts.csproj", "{3ACFBA3B-073B-4EDF-9415-E6D0D8CDFAA9}"
EndProject
Project("{2150E333-8FDC-42A3-9474-1A3956D46DE8}") = "tests", "tests", "{0AB3BF05-4346-4AA6-1389-037BE0695223}"
EndProject
Project("{FAE04EC0-301F-11D3-BF4B-00C04F79EFBC}") = "PaymentGateway.Identity.Api.Tests", "tests\PaymentGateway.Identity.Api.Tests\PaymentGateway.Identity.Api.Tests.csproj", "{CA1DD521-655B-4AE0-8219-54BE8FB7C7B0}"
EndProject
Project("{FAE04EC0-301F-11D3-BF4B-00C04F79EFBC}") = "PaymentGateway.Billing.Api.Tests", "tests\PaymentGateway.Billing.Api.Tests\PaymentGateway.Billing.Api.Tests.csproj", "{53475F2E-A9AD-4789-A39C-EFED7C3DA5EF}"
EndProject
Project("{FAE04EC0-301F-11D3-BF4B-00C04F79EFBC}") = "PaymentGateway.Gateway.Api.Tests", "tests\PaymentGateway.Gateway.Api.Tests\PaymentGateway.Gateway.Api.Tests.csproj", "{29A8778F-7B28-4965-9754-C5E81B787EF3}"
EndProject
Project("{FAE04EC0-301F-11D3-BF4B-00C04F79EFBC}") = "PaymentGateway.Backoffice.Api.Tests", "tests\PaymentGateway.Backoffice.Api.Tests\PaymentGateway.Backoffice.Api.Tests.csproj", "{B6010530-1803-4576-9C33-6113AC9F617A}"
EndProject
Project("{FAE04EC0-301F-11D3-BF4B-00C04F79EFBC}") = "PaymentGateway.Integration.Tests", "tests\PaymentGateway.Integration.Tests\PaymentGateway.Integration.Tests.csproj", "{0267DFC3-F13F-4E37-92C8-DAA68908EF6A}"
EndProject
Global
	GlobalSection(SolutionConfigurationPlatforms) = preSolution
		Debug|Any CPU = Debug|Any CPU
		Debug|x64 = Debug|x64
		Debug|x86 = Debug|x86
		Release|Any CPU = Release|Any CPU
		Release|x64 = Release|x64
		Release|x86 = Release|x86
	EndGlobalSection
	GlobalSection(ProjectConfigurationPlatforms) = postSolution
		{FC7F8314-3007-4593-8480-E69357B91FAF}.Debug|Any CPU.ActiveCfg = Debug|Any CPU
		{FC7F8314-3007-4593-8480-E69357B91FAF}.Debug|Any CPU.Build.0 = Debug|Any CPU
		{FC7F8314-3007-4593-8480-E69357B91FAF}.Debug|x64.ActiveCfg = Debug|Any CPU
		{FC7F8314-3007-4593-8480-E69357B91FAF}.Debug|x64.Build.0 = Debug|Any CPU
		{FC7F8314-3007-4593-8480-E69357B91FAF}.Debug|x86.ActiveCfg = Debug|Any CPU
		{FC7F8314-3007-4593-8480-E69357B91FAF}.Debug|x86.Build.0 = Debug|Any CPU
		{FC7F8314-3007-4593-8480-E69357B91FAF}.Release|Any CPU.ActiveCfg = Release|Any CPU
		{FC7F8314-3007-4593-8480-E69357B91FAF}.Release|Any CPU.Build.0 = Release|Any CPU
		{FC7F8314-3007-4593-8480-E69357B91FAF}.Release|x64.ActiveCfg = Release|Any CPU
		{FC7F8314-3007-4593-8480-E69357B91FAF}.Release|x64.Build.0 = Release|Any CPU
		{FC7F8314-3007-4593-8480-E69357B91FAF}.Release|x86.ActiveCfg = Release|Any CPU
		{FC7F8314-3007-4593-8480-E69357B91FAF}.Release|x86.Build.0 = Release|Any CPU
		{4A843199-3C9A-4754-841A-6F726A3AE194}.Debug|Any CPU.ActiveCfg = Debug|Any CPU
		{4A843199-3C9A-4754-841A-6F726A3AE194}.Debug|Any CPU.Build.0 = Debug|Any CPU
		{4A843199-3C9A-4754-841A-6F726A3AE194}.Debug|x64.ActiveCfg = Debug|Any CPU
		{4A843199-3C9A-4754-841A-6F726A3AE194}.Debug|x64.Build.0 = Debug|Any CPU
		{4A843199-3C9A-4754-841A-6F726A3AE194}.Debug|x86.ActiveCfg = Debug|Any CPU
		{4A843199-3C9A-4754-841A-6F726A3AE194}.Debug|x86.Build.0 = Debug|Any CPU
		{4A843199-3C9A-4754-841A-6F726A3AE194}.Release|Any CPU.ActiveCfg = Release|Any CPU
		{4A843199-3C9A-4754-841A-6F726A3AE194}.Release|Any CPU.Build.0 = Release|Any CPU
		{4A843199-3C9A-4754-841A-6F726A3AE194}.Release|x64.ActiveCfg = Release|Any CPU
		{4A843199-3C9A-4754-841A-6F726A3AE194}.Release|x64.Build.0 = Release|Any CPU
		{4A843199-3C9A-4754-841A-6F726A3AE194}.Release|x86.ActiveCfg = Release|Any CPU
		{4A843199-3C9A-4754-841A-6F726A3AE194}.Release|x86.Build.0 = Release|Any CPU
		{5721F4E2-4AE8-45F8-B4C6-5EE1AA677CEC}.Debug|Any CPU.ActiveCfg = Debug|Any CPU
		{5721F4E2-4AE8-45F8-B4C6-5EE1AA677CEC}.Debug|Any CPU.Build.0 = Debug|Any CPU
		{5721F4E2-4AE8-45F8-B4C6-5EE1AA677CEC}.Debug|x64.ActiveCfg = Debug|Any CPU
		{5721F4E2-4AE8-45F8-B4C6-5EE1AA677CEC}.Debug|x64.Build.0 = Debug|Any CPU
		{5721F4E2-4AE8-45F8-B4C6-5EE1AA677CEC}.Debug|x86.ActiveCfg = Debug|Any CPU
		{5721F4E2-4AE8-45F8-B4C6-5EE1AA677CEC}.Debug|x86.Build.0 = Debug|Any CPU
		{5721F4E2-4AE8-45F8-B4C6-5EE1AA677CEC}.Release|Any CPU.ActiveCfg = Release|Any CPU
		{5721F4E2-4AE8-45F8-B4C6-5EE1AA677CEC}.Release|Any CPU.Build.0 = Release|Any CPU
		{5721F4E2-4AE8-45F8-B4C6-5EE1AA677CEC}.Release|x64.ActiveCfg = Release|Any CPU
		{5721F4E2-4AE8-45F8-B4C6-5EE1AA677CEC}.Release|x64.Build.0 = Release|Any CPU
		{5721F4E2-4AE8-45F8-B4C6-5EE1AA677CEC}.Release|x86.ActiveCfg = Release|Any CPU
		{5721F4E2-4AE8-45F8-B4C6-5EE1AA677CEC}.Release|x86.Build.0 = Release|Any CPU
		{13630DE9-3CB4-4191-A319-4CE91FCB1F35}.Debug|Any CPU.ActiveCfg = Debug|Any CPU
		{13630DE9-3CB4-4191-A319-4CE91FCB1F35}.Debug|Any CPU.Build.0 = Debug|Any CPU
		{13630DE9-3CB4-4191-A319-4CE91FCB1F35}.Debug|x64.ActiveCfg = Debug|Any CPU
		{13630DE9-3CB4-4191-A319-4CE91FCB1F35}.Debug|x64.Build.0 = Debug|Any CPU
		{13630DE9-3CB4-4191-A319-4CE91FCB1F35}.Debug|x86.ActiveCfg = Debug|Any CPU
		{13630DE9-3CB4-4191-A319-4CE91FCB1F35}.Debug|x86.Build.0 = Debug|Any CPU
		{13630DE9-3CB4-4191-A319-4CE91FCB1F35}.Release|Any CPU.ActiveCfg = Release|Any CPU
		{13630DE9-3CB4-4191-A319-4CE91FCB1F35}.Release|Any CPU.Build.0 = Release|Any CPU
		{13630DE9-3CB4-4191-A319-4CE91FCB1F35}.Release|x64.ActiveCfg = Release|Any CPU
		{13630DE9-3CB4-4191-A319-4CE91FCB1F35}.Release|x64.Build.0 = Release|Any CPU
		{13630DE9-3CB4-4191-A319-4CE91FCB1F35}.Release|x86.ActiveCfg = Release|Any CPU
		{13630DE9-3CB4-4191-A319-4CE91FCB1F35}.Release|x86.Build.0 = Release|Any CPU
		{57E5FE52-2C00-46B1-9C56-4135D77AC05B}.Debug|Any CPU.ActiveCfg = Debug|Any CPU
		{57E5FE52-2C00-46B1-9C56-4135D77AC05B}.Debug|Any CPU.Build.0 = Debug|Any CPU
		{57E5FE52-2C00-46B1-9C56-4135D77AC05B}.Debug|x64.ActiveCfg = Debug|Any CPU
		{57E5FE52-2C00-46B1-9C56-4135D77AC05B}.Debug|x64.Build.0 = Debug|Any CPU
		{57E5FE52-2C00-46B1-9C56-4135D77AC05B}.Debug|x86.ActiveCfg = Debug|Any CPU
		{57E5FE52-2C00-46B1-9C56-4135D77AC05B}.Debug|x86.Build.0 = Debug|Any CPU
		{57E5FE52-2C00-46B1-9C56-4135D77AC05B}.Release|Any CPU.ActiveCfg = Release|Any CPU
		{57E5FE52-2C00-46B1-9C56-4135D77AC05B}.Release|Any CPU.Build.0 = Release|Any CPU
		{57E5FE52-2C00-46B1-9C56-4135D77AC05B}.Release|x64.ActiveCfg = Release|Any CPU
		{57E5FE52-2C00-46B1-9C56-4135D77AC05B}.Release|x64.Build.0 = Release|Any CPU
		{57E5FE52-2C00-46B1-9C56-4135D77AC05B}.Release|x86.ActiveCfg = Release|Any CPU
		{57E5FE52-2C00-46B1-9C56-4135D77AC05B}.Release|x86.Build.0 = Release|Any CPU
		{DAC522CC-73DF-4139-BACF-F9ABBA389D8F}.Debug|Any CPU.ActiveCfg = Debug|Any CPU
		{DAC522CC-73DF-4139-BACF-F9ABBA389D8F}.Debug|Any CPU.Build.0 = Debug|Any CPU
		{DAC522CC-73DF-4139-BACF-F9ABBA389D8F}.Debug|x64.ActiveCfg = Debug|Any CPU
		{DAC522CC-73DF-4139-BACF-F9ABBA389D8F}.Debug|x64.Build.0 = Debug|Any CPU
		{DAC522CC-73DF-4139-BACF-F9ABBA389D8F}.Debug|x86.ActiveCfg = Debug|Any CPU
		{DAC522CC-73DF-4139-BACF-F9ABBA389D8F}.Debug|x86.Build.0 = Debug|Any CPU
		{DAC522CC-73DF-4139-BACF-F9ABBA389D8F}.Release|Any CPU.ActiveCfg = Release|Any CPU
		{DAC522CC-73DF-4139-BACF-F9ABBA389D8F}.Release|Any CPU.Build.0 = Release|Any CPU
		{DAC522CC-73DF-4139-BACF-F9ABBA389D8F}.Release|x64.ActiveCfg = Release|Any CPU
		{DAC522CC-73DF-4139-BACF-F9ABBA389D8F}.Release|x64.Build.0 = Release|Any CPU
		{DAC522CC-73DF-4139-BACF-F9ABBA389D8F}.Release|x86.ActiveCfg = Release|Any CPU
		{DAC522CC-73DF-4139-BACF-F9ABBA389D8F}.Release|x86.Build.0 = Release|Any CPU
		{7B8213D4-1D7C-4C26-A2F7-5C8F2D4833C1}.Debug|Any CPU.ActiveCfg = Debug|Any CPU
		{7B8213D4-1D7C-4C26-A2F7-5C8F2D4833C1}.Debug|Any CPU.Build.0 = Debug|Any CPU
		{7B8213D4-1D7C-4C26-A2F7-5C8F2D4833C1}.Debug|x64.ActiveCfg = Debug|Any CPU
		{7B8213D4-1D7C-4C26-A2F7-5C8F2D4833C1}.Debug|x64.Build.0 = Debug|Any CPU
		{7B8213D4-1D7C-4C26-A2F7-5C8F2D4833C1}.Debug|x86.ActiveCfg = Debug|Any CPU
		{7B8213D4-1D7C-4C26-A2F7-5C8F2D4833C1}.Debug|x86.Build.0 = Debug|Any CPU
		{7B8213D4-1D7C-4C26-A2F7-5C8F2D4833C1}.Release|Any CPU.ActiveCfg = Release|Any CPU
		{7B8213D4-1D7C-4C26-A2F7-5C8F2D4833C1}.Release|Any CPU.Build.0 = Release|Any CPU
		{7B8213D4-1D7C-4C26-A2F7-5C8F2D4833C1}.Release|x64.ActiveCfg = Release|Any CPU
		{7B8213D4-1D7C-4C26-A2F7-5C8F2D4833C1}.Release|x64.Build.0 = Release|Any CPU
		{7B8213D4-1D7C-4C26-A2F7-5C8F2D4833C1}.Release|x86.ActiveCfg = Release|Any CPU
		{7B8213D4-1D7C-4C26-A2F7-5C8F2D4833C1}.Release|x86.Build.0 = Release|Any CPU
		{3ACFBA3B-073B-4EDF-9415-E6D0D8CDFAA9}.Debug|Any CPU.ActiveCfg = Debug|Any CPU
		{3ACFBA3B-073B-4EDF-9415-E6D0D8CDFAA9}.Debug|Any CPU.Build.0 = Debug|Any CPU
		{3ACFBA3B-073B-4EDF-9415-E6D0D8CDFAA9}.Debug|x64.ActiveCfg = Debug|Any CPU
		{3ACFBA3B-073B-4EDF-9415-E6D0D8CDFAA9}.Debug|x64.Build.0 = Debug|Any CPU
		{3ACFBA3B-073B-4EDF-9415-E6D0D8CDFAA9}.Debug|x86.ActiveCfg = Debug|Any CPU
		{3ACFBA3B-073B-4EDF-9415-E6D0D8CDFAA9}.Debug|x86.Build.0 = Debug|Any CPU
		{3ACFBA3B-073B-4EDF-9415-E6D0D8CDFAA9}.Release|Any CPU.ActiveCfg = Release|Any CPU
		{3ACFBA3B-073B-4EDF-9415-E6D0D8CDFAA9}.Release|Any CPU.Build.0 = Release|Any CPU
		{3ACFBA3B-073B-4EDF-9415-E6D0D8CDFAA9}.Release|x64.ActiveCfg = Release|Any CPU
		{3ACFBA3B-073B-4EDF-9415-E6D0D8CDFAA9}.Release|x64.Build.0 = Release|Any CPU
		{3ACFBA3B-073B-4EDF-9415-E6D0D8CDFAA9}.Release|x86.ActiveCfg = Release|Any CPU
		{3ACFBA3B-073B-4EDF-9415-E6D0D8CDFAA9}.Release|x86.Build.0 = Release|Any CPU
		{CA1DD521-655B-4AE0-8219-54BE8FB7C7B0}.Debug|Any CPU.ActiveCfg = Debug|Any CPU
		{CA1DD521-655B-4AE0-8219-54BE8FB7C7B0}.Debug|Any CPU.Build.0 = Debug|Any CPU
		{CA1DD521-655B-4AE0-8219-54BE8FB7C7B0}.Debug|x64.ActiveCfg = Debug|Any CPU
		{CA1DD521-655B-4AE0-8219-54BE8FB7C7B0}.Debug|x64.Build.0 = Debug|Any CPU
		{CA1DD521-655B-4AE0-8219-54BE8FB7C7B0}.Debug|x86.ActiveCfg = Debug|Any CPU
		{CA1DD521-655B-4AE0-8219-54BE8FB7C7B0}.Debug|x86.Build.0 = Debug|Any CPU
		{CA1DD521-655B-4AE0-8219-54BE8FB7C7B0}.Release|Any CPU.ActiveCfg = Release|Any CPU
		{CA1DD521-655B-4AE0-8219-54BE8FB7C7B0}.Release|Any CPU.Build.0 = Release|Any CPU
		{CA1DD521-655B-4AE0-8219-54BE8FB7C7B0}.Release|x64.ActiveCfg = Release|Any CPU
		{CA1DD521-655B-4AE0-8219-54BE8FB7C7B0}.Release|x64.Build.0 = Release|Any CPU
		{CA1DD521-655B-4AE0-8219-54BE8FB7C7B0}.Release|x86.ActiveCfg = Release|Any CPU
		{CA1DD521-655B-4AE0-8219-54BE8FB7C7B0}.Release|x86.Build.0 = Release|Any CPU
		{53475F2E-A9AD-4789-A39C-EFED7C3DA5EF}.Debug|Any CPU.ActiveCfg = Debug|Any CPU
		{53475F2E-A9AD-4789-A39C-EFED7C3DA5EF}.Debug|Any CPU.Build.0 = Debug|Any CPU
		{53475F2E-A9AD-4789-A39C-EFED7C3DA5EF}.Debug|x64.ActiveCfg = Debug|Any CPU
		{53475F2E-A9AD-4789-A39C-EFED7C3DA5EF}.Debug|x64.Build.0 = Debug|Any CPU
		{53475F2E-A9AD-4789-A39C-EFED7C3DA5EF}.Debug|x86.ActiveCfg = Debug|Any CPU
		{53475F2E-A9AD-4789-A39C-EFED7C3DA5EF}.Debug|x86.Build.0 = Debug|Any CPU
		{53475F2E-A9AD-4789-A39C-EFED7C3DA5EF}.Release|Any CPU.ActiveCfg = Release|Any CPU
		{53475F2E-A9AD-4789-A39C-EFED7C3DA5EF}.Release|Any CPU.Build.0 = Release|Any CPU
		{53475F2E-A9AD-4789-A39C-EFED7C3DA5EF}.Release|x64.ActiveCfg = Release|Any CPU
		{53475F2E-A9AD-4789-A39C-EFED7C3DA5EF}.Release|x64.Build.0 = Release|Any CPU
		{53475F2E-A9AD-4789-A39C-EFED7C3DA5EF}.Release|x86.ActiveCfg = Release|Any CPU
		{53475F2E-A9AD-4789-A39C-EFED7C3DA5EF}.Release|x86.Build.0 = Release|Any CPU
		{29A8778F-7B28-4965-9754-C5E81B787EF3}.Debug|Any CPU.ActiveCfg = Debug|Any CPU
		{29A8778F-7B28-4965-9754-C5E81B787EF3}.Debug|Any CPU.Build.0 = Debug|Any CPU
		{29A8778F-7B28-4965-9754-C5E81B787EF3}.Debug|x64.ActiveCfg = Debug|Any CPU
		{29A8778F-7B28-4965-9754-C5E81B787EF3}.Debug|x64.Build.0 = Debug|Any CPU
		{29A8778F-7B28-4965-9754-C5E81B787EF3}.Debug|x86.ActiveCfg = Debug|Any CPU
		{29A8778F-7B28-4965-9754-C5E81B787EF3}.Debug|x86.Build.0 = Debug|Any CPU
		{29A8778F-7B28-4965-9754-C5E81B787EF3}.Release|Any CPU.ActiveCfg = Release|Any CPU
		{29A8778F-7B28-4965-9754-C5E81B787EF3}.Release|Any CPU.Build.0 = Release|Any CPU
		{29A8778F-7B28-4965-9754-C5E81B787EF3}.Release|x64.ActiveCfg = Release|Any CPU
		{29A8778F-7B28-4965-9754-C5E81B787EF3}.Release|x64.Build.0 = Release|Any CPU
		{29A8778F-7B28-4965-9754-C5E81B787EF3}.Release|x86.ActiveCfg = Release|Any CPU
		{29A8778F-7B28-4965-9754-C5E81B787EF3}.Release|x86.Build.0 = Release|Any CPU
		{B6010530-1803-4576-9C33-6113AC9F617A}.Debug|Any CPU.ActiveCfg = Debug|Any CPU
		{B6010530-1803-4576-9C33-6113AC9F617A}.Debug|Any CPU.Build.0 = Debug|Any CPU
		{B6010530-1803-4576-9C33-6113AC9F617A}.Debug|x64.ActiveCfg = Debug|Any CPU
		{B6010530-1803-4576-9C33-6113AC9F617A}.Debug|x64.Build.0 = Debug|Any CPU
		{B6010530-1803-4576-9C33-6113AC9F617A}.Debug|x86.ActiveCfg = Debug|Any CPU
		{B6010530-1803-4576-9C33-6113AC9F617A}.Debug|x86.Build.0 = Debug|Any CPU
		{B6010530-1803-4576-9C33-6113AC9F617A}.Release|Any CPU.ActiveCfg = Release|Any CPU
		{B6010530-1803-4576-9C33-6113AC9F617A}.Release|Any CPU.Build.0 = Release|Any CPU
		{B6010530-1803-4576-9C33-6113AC9F617A}.Release|x64.ActiveCfg = Release|Any CPU
		{B6010530-1803-4576-9C33-6113AC9F617A}.Release|x64.Build.0 = Release|Any CPU
		{B6010530-1803-4576-9C33-6113AC9F617A}.Release|x86.ActiveCfg = Release|Any CPU
		{B6010530-1803-4576-9C33-6113AC9F617A}.Release|x86.Build.0 = Release|Any CPU
		{0267DFC3-F13F-4E37-92C8-DAA68908EF6A}.Debug|Any CPU.ActiveCfg = Debug|Any CPU
		{0267DFC3-F13F-4E37-92C8-DAA68908EF6A}.Debug|Any CPU.Build.0 = Debug|Any CPU
		{0267DFC3-F13F-4E37-92C8-DAA68908EF6A}.Debug|x64.ActiveCfg = Debug|Any CPU
		{0267DFC3-F13F-4E37-92C8-DAA68908EF6A}.Debug|x64.Build.0 = Debug|Any CPU
		{0267DFC3-F13F-4E37-92C8-DAA68908EF6A}.Debug|x86.ActiveCfg = Debug|Any CPU
		{0267DFC3-F13F-4E37-92C8-DAA68908EF6A}.Debug|x86.Build.0 = Debug|Any CPU
		{0267DFC3-F13F-4E37-92C8-DAA68908EF6A}.Release|Any CPU.ActiveCfg = Release|Any CPU
		{0267DFC3-F13F-4E37-92C8-DAA68908EF6A}.Release|Any CPU.Build.0 = Release|Any CPU
		{0267DFC3-F13F-4E37-92C8-DAA68908EF6A}.Release|x64.ActiveCfg = Release|Any CPU
		{0267DFC3-F13F-4E37-92C8-DAA68908EF6A}.Release|x64.Build.0 = Release|Any CPU
		{0267DFC3-F13F-4E37-92C8-DAA68908EF6A}.Release|x86.ActiveCfg = Release|Any CPU
		{0267DFC3-F13F-4E37-92C8-DAA68908EF6A}.Release|x86.Build.0 = Release|Any CPU
	EndGlobalSection
	GlobalSection(SolutionProperties) = preSolution
		HideSolutionNode = FALSE
	EndGlobalSection
	GlobalSection(NestedProjects) = preSolution
		{52BF7FB6-37FF-5100-EFD1-124EFF302675} = {827E0CD3-B72D-47B6-A68D-7590B98EB39B}
		{FC7F8314-3007-4593-8480-E69357B91FAF} = {52BF7FB6-37FF-5100-EFD1-124EFF302675}
		{4A843199-3C9A-4754-841A-6F726A3AE194} = {52BF7FB6-37FF-5100-EFD1-124EFF302675}
		{984BB9B3-3FA3-BE33-9484-CAC21695A33C} = {827E0CD3-B72D-47B6-A68D-7590B98EB39B}
		{5721F4E2-4AE8-45F8-B4C6-5EE1AA677CEC} = {984BB9B3-3FA3-BE33-9484-CAC21695A33C}
		{13630DE9-3CB4-4191-A319-4CE91FCB1F35} = {984BB9B3-3FA3-BE33-9484-CAC21695A33C}
		{57E5FE52-2C00-46B1-9C56-4135D77AC05B} = {984BB9B3-3FA3-BE33-9484-CAC21695A33C}
		{DAC522CC-73DF-4139-BACF-F9ABBA389D8F} = {984BB9B3-3FA3-BE33-9484-CAC21695A33C}
		{C8E42992-5E42-0C2B-DBFE-AA848D06431C} = {827E0CD3-B72D-47B6-A68D-7590B98EB39B}
		{7B8213D4-1D7C-4C26-A2F7-5C8F2D4833C1} = {C8E42992-5E42-0C2B-DBFE-AA848D06431C}
		{3ACFBA3B-073B-4EDF-9415-E6D0D8CDFAA9} = {C8E42992-5E42-0C2B-DBFE-AA848D06431C}
		{CA1DD521-655B-4AE0-8219-54BE8FB7C7B0} = {0AB3BF05-4346-4AA6-1389-037BE0695223}
		{53475F2E-A9AD-4789-A39C-EFED7C3DA5EF} = {0AB3BF05-4346-4AA6-1389-037BE0695223}
		{29A8778F-7B28-4965-9754-C5E81B787EF3} = {0AB3BF05-4346-4AA6-1389-037BE0695223}
		{B6010530-1803-4576-9C33-6113AC9F617A} = {0AB3BF05-4346-4AA6-1389-037BE0695223}
		{0267DFC3-F13F-4E37-92C8-DAA68908EF6A} = {0AB3BF05-4346-4AA6-1389-037BE0695223}
	EndGlobalSection
EndGlobal
